
Microsoft Visual Studio Solution File, Format Version 12.00
# Visual Studio Version 17
VisualStudioVersion = 17.6.33829.357
MinimumVisualStudioVersion = 10.0.40219.1
Project("{FAE04EC0-301F-11D3-BF4B-00C04F79EFBC}") = "Api", "Api\Api.csproj", "{35C4E029-870B-402C-A396-B8D6D97D1C31}"
EndProject
Global
	GlobalSection(SolutionConfigurationPlatforms) = preSolution
		Debug|Any CPU = Debug|Any CPU
		Release|Any CPU = Release|Any CPU
	EndGlobalSection
	GlobalSection(ProjectConfigurationPlatforms) = postSolution
		{35C4E029-870B-402C-A396-B8D6D97D1C31}.Debug|Any CPU.ActiveCfg = Debug|Any CPU
		{35C4E029-870B-402C-A396-B8D6D97D1C31}.Debug|Any CPU.Build.0 = Debug|Any CPU
		{35C4E029-870B-402C-A396-B8D6D97D1C31}.Release|Any CPU.ActiveCfg = Release|Any CPU
		{35C4E029-870B-402C-A396-B8D6D97D1C31}.Release|Any CPU.Build.0 = Release|Any CPU
	EndGlobalSection
	GlobalSection(SolutionProperties) = preSolution
		HideSolutionNode = FALSE
	EndGlobalSection
	GlobalSection(ExtensibilityGlobals) = postSolution
		SolutionGuid = {4EECC072-C594-425D-9938-6D928215B72C}
	EndGlobalSection
EndGlobal
